// !$*UTF8*$!
{
	archiveVersion = 1;
	classes = {
	};
	objectVersion = 48;
	objects = {

/* Begin PBXBuildFile section */
		264CFABC1FC2A5940033E3AC /* AppDelegate.swift in Sources */ = {isa = PBXBuildFile; fileRef = 264CFABB1FC2A5940033E3AC /* AppDelegate.swift */; };
		264CFAC11FC2A5940033E3AC /* Main.storyboard in Resources */ = {isa = PBXBuildFile; fileRef = 264CFABF1FC2A5940033E3AC /* Main.storyboard */; };
		264CFAC41FC2A5940033E3AC /* TookanTracker_Demo.xcdatamodeld in Sources */ = {isa = PBXBuildFile; fileRef = 264CFAC21FC2A5940033E3AC /* TookanTracker_Demo.xcdatamodeld */; };
		264CFAC61FC2A5940033E3AC /* Assets.xcassets in Resources */ = {isa = PBXBuildFile; fileRef = 264CFAC51FC2A5940033E3AC /* Assets.xcassets */; };
		264CFAC91FC2A5940033E3AC /* LaunchScreen.storyboard in Resources */ = {isa = PBXBuildFile; fileRef = 264CFAC71FC2A5940033E3AC /* LaunchScreen.storyboard */; };
		264CFAD41FC2A5950033E3AC /* TookanTracker_DemoTests.swift in Sources */ = {isa = PBXBuildFile; fileRef = 264CFAD31FC2A5950033E3AC /* TookanTracker_DemoTests.swift */; };
		265C80391FC42E6900D773B0 /* ViewController.swift in Sources */ = {isa = PBXBuildFile; fileRef = 264CFABD1FC2A5940033E3AC /* ViewController.swift */; };
		267C12951FC5B89B003F844D /* TookanTracker_SDK.framework in Frameworks */ = {isa = PBXBuildFile; fileRef = 267C12941FC5B895003F844D /* TookanTracker_SDK.framework */; };
		267C12961FC5B89B003F844D /* TookanTracker_SDK.framework in Embed Frameworks */ = {isa = PBXBuildFile; fileRef = 267C12941FC5B895003F844D /* TookanTracker_SDK.framework */; settings = {ATTRIBUTES = (CodeSignOnCopy, RemoveHeadersOnCopy, ); }; };
		26D33C4E1FC2E11900B73A7D /* Networking.swift in Sources */ = {isa = PBXBuildFile; fileRef = 26D33C4D1FC2E11900B73A7D /* Networking.swift */; };
		26D33C501FC2E34E00B73A7D /* IJReachability.swift in Sources */ = {isa = PBXBuildFile; fileRef = 26D33C4F1FC2E34E00B73A7D /* IJReachability.swift */; };
		26D33C521FC2E8D600B73A7D /* OTPController.swift in Sources */ = {isa = PBXBuildFile; fileRef = 26D33C511FC2E8D600B73A7D /* OTPController.swift */; };
/* End PBXBuildFile section */

/* Begin PBXContainerItemProxy section */
		264CFAD01FC2A5950033E3AC /* PBXContainerItemProxy */ = {
			isa = PBXContainerItemProxy;
			containerPortal = 264CFAB01FC2A5940033E3AC /* Project object */;
			proxyType = 1;
			remoteGlobalIDString = 264CFAB71FC2A5940033E3AC;
			remoteInfo = "TookanTracker-Demo";
		};
/* End PBXContainerItemProxy section */

/* Begin PBXCopyFilesBuildPhase section */
		265C80171FC4136000D773B0 /* Embed Frameworks */ = {
			isa = PBXCopyFilesBuildPhase;
			buildActionMask = 2147483647;
			dstPath = "";
			dstSubfolderSpec = 10;
			files = (
				267C12961FC5B89B003F844D /* TookanTracker_SDK.framework in Embed Frameworks */,
			);
			name = "Embed Frameworks";
			runOnlyForDeploymentPostprocessing = 0;
		};
/* End PBXCopyFilesBuildPhase section */

/* Begin PBXFileReference section */
		264CFAB81FC2A5940033E3AC /* TookanTracker-Demo.app */ = {isa = PBXFileReference; explicitFileType = wrapper.application; includeInIndex = 0; path = "TookanTracker-Demo.app"; sourceTree = BUILT_PRODUCTS_DIR; };
		264CFABB1FC2A5940033E3AC /* AppDelegate.swift */ = {isa = PBXFileReference; lastKnownFileType = sourcecode.swift; path = AppDelegate.swift; sourceTree = "<group>"; };
		264CFABD1FC2A5940033E3AC /* ViewController.swift */ = {isa = PBXFileReference; lastKnownFileType = sourcecode.swift; path = ViewController.swift; sourceTree = "<group>"; };
		264CFAC01FC2A5940033E3AC /* Base */ = {isa = PBXFileReference; lastKnownFileType = file.storyboard; name = Base; path = Base.lproj/Main.storyboard; sourceTree = "<group>"; };
		264CFAC31FC2A5940033E3AC /* TookanTracker_Demo.xcdatamodel */ = {isa = PBXFileReference; lastKnownFileType = wrapper.xcdatamodel; path = TookanTracker_Demo.xcdatamodel; sourceTree = "<group>"; };
		264CFAC51FC2A5940033E3AC /* Assets.xcassets */ = {isa = PBXFileReference; lastKnownFileType = folder.assetcatalog; path = Assets.xcassets; sourceTree = "<group>"; };
		264CFAC81FC2A5940033E3AC /* Base */ = {isa = PBXFileReference; lastKnownFileType = file.storyboard; name = Base; path = Base.lproj/LaunchScreen.storyboard; sourceTree = "<group>"; };
		264CFACA1FC2A5940033E3AC /* Info.plist */ = {isa = PBXFileReference; lastKnownFileType = text.plist.xml; path = Info.plist; sourceTree = "<group>"; };
		264CFACF1FC2A5950033E3AC /* TookanTracker-DemoTests.xctest */ = {isa = PBXFileReference; explicitFileType = wrapper.cfbundle; includeInIndex = 0; path = "TookanTracker-DemoTests.xctest"; sourceTree = BUILT_PRODUCTS_DIR; };
		264CFAD31FC2A5950033E3AC /* TookanTracker_DemoTests.swift */ = {isa = PBXFileReference; lastKnownFileType = sourcecode.swift; path = TookanTracker_DemoTests.swift; sourceTree = "<group>"; };
		264CFAD51FC2A5950033E3AC /* Info.plist */ = {isa = PBXFileReference; lastKnownFileType = text.plist.xml; path = Info.plist; sourceTree = "<group>"; };
		267C12941FC5B895003F844D /* TookanTracker_SDK.framework */ = {isa = PBXFileReference; lastKnownFileType = wrapper.framework; path = TookanTracker_SDK.framework; sourceTree = "<group>"; };
		26D33C4D1FC2E11900B73A7D /* Networking.swift */ = {isa = PBXFileReference; lastKnownFileType = sourcecode.swift; path = Networking.swift; sourceTree = "<group>"; };
		26D33C4F1FC2E34E00B73A7D /* IJReachability.swift */ = {isa = PBXFileReference; lastKnownFileType = sourcecode.swift; path = IJReachability.swift; sourceTree = "<group>"; };
		26D33C511FC2E8D600B73A7D /* OTPController.swift */ = {isa = PBXFileReference; lastKnownFileType = sourcecode.swift; path = OTPController.swift; sourceTree = "<group>"; };
/* End PBXFileReference section */

/* Begin PBXFrameworksBuildPhase section */
		264CFAB51FC2A5940033E3AC /* Frameworks */ = {
			isa = PBXFrameworksBuildPhase;
			buildActionMask = 2147483647;
			files = (
				267C12951FC5B89B003F844D /* TookanTracker_SDK.framework in Frameworks */,
			);
			runOnlyForDeploymentPostprocessing = 0;
		};
		264CFACC1FC2A5950033E3AC /* Frameworks */ = {
			isa = PBXFrameworksBuildPhase;
			buildActionMask = 2147483647;
			files = (
			);
			runOnlyForDeploymentPostprocessing = 0;
		};
/* End PBXFrameworksBuildPhase section */

/* Begin PBXGroup section */
		264CFAAF1FC2A5940033E3AC = {
			isa = PBXGroup;
			children = (
				267C12941FC5B895003F844D /* TookanTracker_SDK.framework */,
				264CFABA1FC2A5940033E3AC /* TookanTracker-Demo */,
				264CFAD21FC2A5950033E3AC /* TookanTracker-DemoTests */,
				264CFAB91FC2A5940033E3AC /* Products */,
			);
			sourceTree = "<group>";
		};
		264CFAB91FC2A5940033E3AC /* Products */ = {
			isa = PBXGroup;
			children = (
				264CFAB81FC2A5940033E3AC /* TookanTracker-Demo.app */,
				264CFACF1FC2A5950033E3AC /* TookanTracker-DemoTests.xctest */,
			);
			name = Products;
			sourceTree = "<group>";
		};
		264CFABA1FC2A5940033E3AC /* TookanTracker-Demo */ = {
			isa = PBXGroup;
			children = (
				26D33C4F1FC2E34E00B73A7D /* IJReachability.swift */,
				26D33C511FC2E8D600B73A7D /* OTPController.swift */,
				264CFABB1FC2A5940033E3AC /* AppDelegate.swift */,
				264CFABD1FC2A5940033E3AC /* ViewController.swift */,
				264CFABF1FC2A5940033E3AC /* Main.storyboard */,
				264CFAC51FC2A5940033E3AC /* Assets.xcassets */,
				264CFAC71FC2A5940033E3AC /* LaunchScreen.storyboard */,
				264CFACA1FC2A5940033E3AC /* Info.plist */,
				264CFAC21FC2A5940033E3AC /* TookanTracker_Demo.xcdatamodeld */,
				26D33C4D1FC2E11900B73A7D /* Networking.swift */,
			);
			path = "TookanTracker-Demo";
			sourceTree = "<group>";
		};
		264CFAD21FC2A5950033E3AC /* TookanTracker-DemoTests */ = {
			isa = PBXGroup;
			children = (
				264CFAD31FC2A5950033E3AC /* TookanTracker_DemoTests.swift */,
				264CFAD51FC2A5950033E3AC /* Info.plist */,
			);
			path = "TookanTracker-DemoTests";
			sourceTree = "<group>";
		};
/* End PBXGroup section */

/* Begin PBXNativeTarget section */
		264CFAB71FC2A5940033E3AC /* TookanTracker-Demo */ = {
			isa = PBXNativeTarget;
			buildConfigurationList = 264CFAD81FC2A5950033E3AC /* Build configuration list for PBXNativeTarget "TookanTracker-Demo" */;
			buildPhases = (
				264CFAB41FC2A5940033E3AC /* Sources */,
				264CFAB51FC2A5940033E3AC /* Frameworks */,
				264CFAB61FC2A5940033E3AC /* Resources */,
				265C80171FC4136000D773B0 /* Embed Frameworks */,
			);
			buildRules = (
			);
			dependencies = (
			);
			name = "TookanTracker-Demo";
			productName = "TookanTracker-Demo";
			productReference = 264CFAB81FC2A5940033E3AC /* TookanTracker-Demo.app */;
			productType = "com.apple.product-type.application";
		};
		264CFACE1FC2A5950033E3AC /* TookanTracker-DemoTests */ = {
			isa = PBXNativeTarget;
			buildConfigurationList = 264CFADB1FC2A5950033E3AC /* Build configuration list for PBXNativeTarget "TookanTracker-DemoTests" */;
			buildPhases = (
				264CFACB1FC2A5950033E3AC /* Sources */,
				264CFACC1FC2A5950033E3AC /* Frameworks */,
				264CFACD1FC2A5950033E3AC /* Resources */,
			);
			buildRules = (
			);
			dependencies = (
				264CFAD11FC2A5950033E3AC /* PBXTargetDependency */,
			);
			name = "TookanTracker-DemoTests";
			productName = "TookanTracker-DemoTests";
			productReference = 264CFACF1FC2A5950033E3AC /* TookanTracker-DemoTests.xctest */;
			productType = "com.apple.product-type.bundle.unit-test";
		};
/* End PBXNativeTarget section */

/* Begin PBXProject section */
		264CFAB01FC2A5940033E3AC /* Project object */ = {
			isa = PBXProject;
			attributes = {
				LastSwiftUpdateCheck = 0900;
				LastUpgradeCheck = 0900;
				ORGANIZATIONNAME = "CL-Macmini-110";
				TargetAttributes = {
					264CFAB71FC2A5940033E3AC = {
						CreatedOnToolsVersion = 9.0;
						ProvisioningStyle = Automatic;
						SystemCapabilities = {
							com.apple.BackgroundModes = {
								enabled = 0;
							};
						};
					};
					264CFACE1FC2A5950033E3AC = {
						CreatedOnToolsVersion = 9.0;
						ProvisioningStyle = Automatic;
						TestTargetID = 264CFAB71FC2A5940033E3AC;
					};
				};
			};
			buildConfigurationList = 264CFAB31FC2A5940033E3AC /* Build configuration list for PBXProject "TookanTracker-Demo" */;
			compatibilityVersion = "Xcode 8.0";
			developmentRegion = en;
			hasScannedForEncodings = 0;
			knownRegions = (
				en,
				Base,
			);
			mainGroup = 264CFAAF1FC2A5940033E3AC;
			productRefGroup = 264CFAB91FC2A5940033E3AC /* Products */;
			projectDirPath = "";
			projectRoot = "";
			targets = (
				264CFAB71FC2A5940033E3AC /* TookanTracker-Demo */,
				264CFACE1FC2A5950033E3AC /* TookanTracker-DemoTests */,
			);
		};
/* End PBXProject section */

/* Begin PBXResourcesBuildPhase section */
		264CFAB61FC2A5940033E3AC /* Resources */ = {
			isa = PBXResourcesBuildPhase;
			buildActionMask = 2147483647;
			files = (
				264CFAC91FC2A5940033E3AC /* LaunchScreen.storyboard in Resources */,
				264CFAC61FC2A5940033E3AC /* Assets.xcassets in Resources */,
				264CFAC11FC2A5940033E3AC /* Main.storyboard in Resources */,
			);
			runOnlyForDeploymentPostprocessing = 0;
		};
		264CFACD1FC2A5950033E3AC /* Resources */ = {
			isa = PBXResourcesBuildPhase;
			buildActionMask = 2147483647;
			files = (
			);
			runOnlyForDeploymentPostprocessing = 0;
		};
/* End PBXResourcesBuildPhase section */

/* Begin PBXSourcesBuildPhase section */
		264CFAB41FC2A5940033E3AC /* Sources */ = {
			isa = PBXSourcesBuildPhase;
			buildActionMask = 2147483647;
			files = (
				265C80391FC42E6900D773B0 /* ViewController.swift in Sources */,
				264CFABC1FC2A5940033E3AC /* AppDelegate.swift in Sources */,
				26D33C501FC2E34E00B73A7D /* IJReachability.swift in Sources */,
				26D33C521FC2E8D600B73A7D /* OTPController.swift in Sources */,
				264CFAC41FC2A5940033E3AC /* TookanTracker_Demo.xcdatamodeld in Sources */,
				26D33C4E1FC2E11900B73A7D /* Networking.swift in Sources */,
			);
			runOnlyForDeploymentPostprocessing = 0;
		};
		264CFACB1FC2A5950033E3AC /* Sources */ = {
			isa = PBXSourcesBuildPhase;
			buildActionMask = 2147483647;
			files = (
				264CFAD41FC2A5950033E3AC /* TookanTracker_DemoTests.swift in Sources */,
			);
			runOnlyForDeploymentPostprocessing = 0;
		};
/* End PBXSourcesBuildPhase section */

/* Begin PBXTargetDependency section */
		264CFAD11FC2A5950033E3AC /* PBXTargetDependency */ = {
			isa = PBXTargetDependency;
			target = 264CFAB71FC2A5940033E3AC /* TookanTracker-Demo */;
			targetProxy = 264CFAD01FC2A5950033E3AC /* PBXContainerItemProxy */;
		};
/* End PBXTargetDependency section */

/* Begin PBXVariantGroup section */
		264CFABF1FC2A5940033E3AC /* Main.storyboard */ = {
			isa = PBXVariantGroup;
			children = (
				264CFAC01FC2A5940033E3AC /* Base */,
			);
			name = Main.storyboard;
			sourceTree = "<group>";
		};
		264CFAC71FC2A5940033E3AC /* LaunchScreen.storyboard */ = {
			isa = PBXVariantGroup;
			children = (
				264CFAC81FC2A5940033E3AC /* Base */,
			);
			name = LaunchScreen.storyboard;
			sourceTree = "<group>";
		};
/* End PBXVariantGroup section */

/* Begin XCBuildConfiguration section */
		264CFAD61FC2A5950033E3AC /* Debug */ = {
			isa = XCBuildConfiguration;
			buildSettings = {
				ALWAYS_SEARCH_USER_PATHS = NO;
				CLANG_ANALYZER_NONNULL = YES;
				CLANG_ANALYZER_NUMBER_OBJECT_CONVERSION = YES_AGGRESSIVE;
				CLANG_CXX_LANGUAGE_STANDARD = "gnu++14";
				CLANG_CXX_LIBRARY = "libc++";
				CLANG_ENABLE_MODULES = YES;
				CLANG_ENABLE_OBJC_ARC = YES;
				CLANG_WARN_BLOCK_CAPTURE_AUTORELEASING = YES;
				CLANG_WARN_BOOL_CONVERSION = YES;
				CLANG_WARN_COMMA = YES;
				CLANG_WARN_CONSTANT_CONVERSION = YES;
				CLANG_WARN_DIRECT_OBJC_ISA_USAGE = YES_ERROR;
				CLANG_WARN_DOCUMENTATION_COMMENTS = YES;
				CLANG_WARN_EMPTY_BODY = YES;
				CLANG_WARN_ENUM_CONVERSION = YES;
				CLANG_WARN_INFINITE_RECURSION = YES;
				CLANG_WARN_INT_CONVERSION = YES;
				CLANG_WARN_NON_LITERAL_NULL_CONVERSION = YES;
				CLANG_WARN_OBJC_LITERAL_CONVERSION = YES;
				CLANG_WARN_OBJC_ROOT_CLASS = YES_ERROR;
				CLANG_WARN_RANGE_LOOP_ANALYSIS = YES;
				CLANG_WARN_STRICT_PROTOTYPES = YES;
				CLANG_WARN_SUSPICIOUS_MOVE = YES;
				CLANG_WARN_UNGUARDED_AVAILABILITY = YES_AGGRESSIVE;
				CLANG_WARN_UNREACHABLE_CODE = YES;
				CLANG_WARN__DUPLICATE_METHOD_MATCH = YES;
				CODE_SIGN_IDENTITY = "iPhone Developer";
				COPY_PHASE_STRIP = NO;
				DEBUG_INFORMATION_FORMAT = dwarf;
				ENABLE_STRICT_OBJC_MSGSEND = YES;
				ENABLE_TESTABILITY = YES;
				GCC_C_LANGUAGE_STANDARD = gnu11;
				GCC_DYNAMIC_NO_PIC = NO;
				GCC_NO_COMMON_BLOCKS = YES;
				GCC_OPTIMIZATION_LEVEL = 0;
				GCC_PREPROCESSOR_DEFINITIONS = (
					"DEBUG=1",
					"$(inherited)",
				);
				GCC_WARN_64_TO_32_BIT_CONVERSION = YES;
				GCC_WARN_ABOUT_RETURN_TYPE = YES_ERROR;
				GCC_WARN_UNDECLARED_SELECTOR = YES;
				GCC_WARN_UNINITIALIZED_AUTOS = YES_AGGRESSIVE;
				GCC_WARN_UNUSED_FUNCTION = YES;
				GCC_WARN_UNUSED_VARIABLE = YES;
				IPHONEOS_DEPLOYMENT_TARGET = 11.0;
				MTL_ENABLE_DEBUG_INFO = YES;
				ONLY_ACTIVE_ARCH = YES;
				SDKROOT = iphoneos;
				SWIFT_ACTIVE_COMPILATION_CONDITIONS = DEBUG;
				SWIFT_OPTIMIZATION_LEVEL = "-Onone";
			};
			name = Debug;
		};
		264CFAD71FC2A5950033E3AC /* Release */ = {
			isa = XCBuildConfiguration;
			buildSettings = {
				ALWAYS_SEARCH_USER_PATHS = NO;
				CLANG_ANALYZER_NONNULL = YES;
				CLANG_ANALYZER_NUMBER_OBJECT_CONVERSION = YES_AGGRESSIVE;
				CLANG_CXX_LANGUAGE_STANDARD = "gnu++14";
				CLANG_CXX_LIBRARY = "libc++";
				CLANG_ENABLE_MODULES = YES;
				CLANG_ENABLE_OBJC_ARC = YES;
				CLANG_WARN_BLOCK_CAPTURE_AUTORELEASING = YES;
				CLANG_WARN_BOOL_CONVERSION = YES;
				CLANG_WARN_COMMA = YES;
				CLANG_WARN_CONSTANT_CONVERSION = YES;
				CLANG_WARN_DIRECT_OBJC_ISA_USAGE = YES_ERROR;
				CLANG_WARN_DOCUMENTATION_COMMENTS = YES;
				CLANG_WARN_EMPTY_BODY = YES;
				CLANG_WARN_ENUM_CONVERSION = YES;
				CLANG_WARN_INFINITE_RECURSION = YES;
				CLANG_WARN_INT_CONVERSION = YES;
				CLANG_WARN_NON_LITERAL_NULL_CONVERSION = YES;
				CLANG_WARN_OBJC_LITERAL_CONVERSION = YES;
				CLANG_WARN_OBJC_ROOT_CLASS = YES_ERROR;
				CLANG_WARN_RANGE_LOOP_ANALYSIS = YES;
				CLANG_WARN_STRICT_PROTOTYPES = YES;
				CLANG_WARN_SUSPICIOUS_MOVE = YES;
				CLANG_WARN_UNGUARDED_AVAILABILITY = YES_AGGRESSIVE;
				CLANG_WARN_UNREACHABLE_CODE = YES;
				CLANG_WARN__DUPLICATE_METHOD_MATCH = YES;
				CODE_SIGN_IDENTITY = "iPhone Developer";
				COPY_PHASE_STRIP = NO;
				DEBUG_INFORMATION_FORMAT = "dwarf-with-dsym";
				ENABLE_NS_ASSERTIONS = NO;
				ENABLE_STRICT_OBJC_MSGSEND = YES;
				GCC_C_LANGUAGE_STANDARD = gnu11;
				GCC_NO_COMMON_BLOCKS = YES;
				GCC_WARN_64_TO_32_BIT_CONVERSION = YES;
				GCC_WARN_ABOUT_RETURN_TYPE = YES_ERROR;
				GCC_WARN_UNDECLARED_SELECTOR = YES;
				GCC_WARN_UNINITIALIZED_AUTOS = YES_AGGRESSIVE;
				GCC_WARN_UNUSED_FUNCTION = YES;
				GCC_WARN_UNUSED_VARIABLE = YES;
				IPHONEOS_DEPLOYMENT_TARGET = 11.0;
				MTL_ENABLE_DEBUG_INFO = NO;
				SDKROOT = iphoneos;
				SWIFT_OPTIMIZATION_LEVEL = "-Owholemodule";
				VALIDATE_PRODUCT = YES;
			};
			name = Release;
		};
		264CFAD91FC2A5950033E3AC /* Debug */ = {
			isa = XCBuildConfiguration;
			buildSettings = {
				ALWAYS_EMBED_SWIFT_STANDARD_LIBRARIES = YES;
				ASSETCATALOG_COMPILER_APPICON_NAME = AppIcon;
				CLANG_ALLOW_NON_MODULAR_INCLUDES_IN_FRAMEWORK_MODULES = NO;
				CODE_SIGN_STYLE = Automatic;
				DEBUG_INFORMATION_FORMAT = "dwarf-with-dsym";
				DEVELOPMENT_TEAM = 9BMB7KMY7Q;
				ENABLE_BITCODE = NO;
				ENABLE_TESTABILITY = NO;
				FRAMEWORK_SEARCH_PATHS = (
					"$(inherited)",
					"$(PROJECT_DIR)",
					"$(PROJECT_DIR)/TookanTracker-Demo",
				);
				HEADER_SEARCH_PATHS = "";
				INFOPLIST_FILE = "TookanTracker-Demo/Info.plist";
				IPHONEOS_DEPLOYMENT_TARGET = 9.0;
				LD_RUNPATH_SEARCH_PATHS = "$(inherited) @executable_path/Frameworks";
				ONLY_ACTIVE_ARCH = NO;
				PRODUCT_BUNDLE_IDENTIFIER = "com.click-labs.TookanTracker-Demo";
				PRODUCT_NAME = "$(TARGET_NAME)";
				SWIFT_VERSION = 4.0;
				TARGETED_DEVICE_FAMILY = "1,2";
			};
			name = Debug;
		};
		264CFADA1FC2A5950033E3AC /* Release */ = {
			isa = XCBuildConfiguration;
			buildSettings = {
				ALWAYS_EMBED_SWIFT_STANDARD_LIBRARIES = YES;
				ASSETCATALOG_COMPILER_APPICON_NAME = AppIcon;
				CLANG_ALLOW_NON_MODULAR_INCLUDES_IN_FRAMEWORK_MODULES = NO;
				CODE_SIGN_STYLE = Automatic;
				DEBUG_INFORMATION_FORMAT = "dwarf-with-dsym";
				DEVELOPMENT_TEAM = 9BMB7KMY7Q;
				ENABLE_BITCODE = NO;
				ENABLE_TESTABILITY = NO;
				FRAMEWORK_SEARCH_PATHS = (
					"$(inherited)",
					"$(PROJECT_DIR)",
					"$(PROJECT_DIR)/TookanTracker-Demo",
				);
				HEADER_SEARCH_PATHS = "";
				INFOPLIST_FILE = "TookanTracker-Demo/Info.plist";
				IPHONEOS_DEPLOYMENT_TARGET = 9.0;
				LD_RUNPATH_SEARCH_PATHS = "$(inherited) @executable_path/Frameworks";
				ONLY_ACTIVE_ARCH = NO;
				PRODUCT_BUNDLE_IDENTIFIER = "com.click-labs.TookanTracker-Demo";
				PRODUCT_NAME = "$(TARGET_NAME)";
				SWIFT_VERSION = 4.0;
				TARGETED_DEVICE_FAMILY = "1,2";
			};
			name = Release;
		};
		264CFADC1FC2A5950033E3AC /* Debug */ = {
			isa = XCBuildConfiguration;
			buildSettings = {
				ALWAYS_EMBED_SWIFT_STANDARD_LIBRARIES = YES;
				BUNDLE_LOADER = "$(TEST_HOST)";
				CLANG_ALLOW_NON_MODULAR_INCLUDES_IN_FRAMEWORK_MODULES = NO;
				CODE_SIGN_STYLE = Automatic;
				DEVELOPMENT_TEAM = 9BMB7KMY7Q;
				FRAMEWORK_SEARCH_PATHS = (
					"$(inherited)",
					"$(PROJECT_DIR)",
				);
				INFOPLIST_FILE = "TookanTracker-DemoTests/Info.plist";
				LD_RUNPATH_SEARCH_PATHS = "$(inherited) @executable_path/Frameworks @loader_path/Frameworks";
				PRODUCT_BUNDLE_IDENTIFIER = "com.click-labs.TookanTracker-DemoTests";
				PRODUCT_NAME = "$(TARGET_NAME)";
				SWIFT_VERSION = 4.0;
				TARGETED_DEVICE_FAMILY = "1,2";
				TEST_HOST = "$(BUILT_PRODUCTS_DIR)/TookanTracker-Demo.app/TookanTracker-Demo";
			};
			name = Debug;
		};
		264CFADD1FC2A5950033E3AC /* Release */ = {
			isa = XCBuildConfiguration;
			buildSettings = {
				ALWAYS_EMBED_SWIFT_STANDARD_LIBRARIES = YES;
				BUNDLE_LOADER = "$(TEST_HOST)";
				CLANG_ALLOW_NON_MODULAR_INCLUDES_IN_FRAMEWORK_MODULES = NO;
				CODE_SIGN_STYLE = Automatic;
				DEVELOPMENT_TEAM = 9BMB7KMY7Q;
				FRAMEWORK_SEARCH_PATHS = (
					"$(inherited)",
					"$(PROJECT_DIR)",
				);
				INFOPLIST_FILE = "TookanTracker-DemoTests/Info.plist";
				LD_RUNPATH_SEARCH_PATHS = "$(inherited) @executable_path/Frameworks @loader_path/Frameworks";
				PRODUCT_BUNDLE_IDENTIFIER = "com.click-labs.TookanTracker-DemoTests";
				PRODUCT_NAME = "$(TARGET_NAME)";
				SWIFT_VERSION = 4.0;
				TARGETED_DEVICE_FAMILY = "1,2";
				TEST_HOST = "$(BUILT_PRODUCTS_DIR)/TookanTracker-Demo.app/TookanTracker-Demo";
			};
			name = Release;
		};
/* End XCBuildConfiguration section */

/* Begin XCConfigurationList section */
		264CFAB31FC2A5940033E3AC /* Build configuration list for PBXProject "TookanTracker-Demo" */ = {
			isa = XCConfigurationList;
			buildConfigurations = (
				264CFAD61FC2A5950033E3AC /* Debug */,
				264CFAD71FC2A5950033E3AC /* Release */,
			);
			defaultConfigurationIsVisible = 0;
			defaultConfigurationName = Release;
		};
		264CFAD81FC2A5950033E3AC /* Build configuration list for PBXNativeTarget "TookanTracker-Demo" */ = {
			isa = XCConfigurationList;
			buildConfigurations = (
				264CFAD91FC2A5950033E3AC /* Debug */,
				264CFADA1FC2A5950033E3AC /* Release */,
			);
			defaultConfigurationIsVisible = 0;
			defaultConfigurationName = Release;
		};
		264CFADB1FC2A5950033E3AC /* Build configuration list for PBXNativeTarget "TookanTracker-DemoTests" */ = {
			isa = XCConfigurationList;
			buildConfigurations = (
				264CFADC1FC2A5950033E3AC /* Debug */,
				264CFADD1FC2A5950033E3AC /* Release */,
			);
			defaultConfigurationIsVisible = 0;
			defaultConfigurationName = Release;
		};
/* End XCConfigurationList section */

/* Begin XCVersionGroup section */
		264CFAC21FC2A5940033E3AC /* TookanTracker_Demo.xcdatamodeld */ = {
			isa = XCVersionGroup;
			children = (
				264CFAC31FC2A5940033E3AC /* TookanTracker_Demo.xcdatamodel */,
			);
			currentVersion = 264CFAC31FC2A5940033E3AC /* TookanTracker_Demo.xcdatamodel */;
			path = TookanTracker_Demo.xcdatamodeld;
			sourceTree = "<group>";
			versionGroupType = wrapper.xcdatamodel;
		};
/* End XCVersionGroup section */
	};
	rootObject = 264CFAB01FC2A5940033E3AC /* Project object */;
}
